
Microsoft Visual Studio Solution File, Format Version 12.00
# Visual Studio Version 17
VisualStudioVersion = 17.0.31903.59
MinimumVisualStudioVersion = 10.0.40219.1
Project("{2150E333-8FDC-42A3-9474-1A3956D46DE8}") = "src", "src", "{827E0CD3-B72D-47B6-A68D-7590B98EB39B}"
EndProject
Project("{FAE04EC0-301F-11D3-BF4B-00C04F79EFBC}") = "OrderFlow.API", "src\OrderFlow.API\OrderFlow.API.csproj", "{2B59ED03-9400-44C3-BCF5-A5E5AB8CDD3D}"
EndProject
Project("{FAE04EC0-301F-11D3-BF4B-00C04F79EFBC}") = "OrderFlow.Worker", "src\OrderFlow.Worker\OrderFlow.Worker.csproj", "{AB15F17E-D97E-497D-8E9F-5AF85F7529A1}"
EndProject
Project("{FAE04EC0-301F-11D3-BF4B-00C04F79EFBC}") = "OrderFlow.Application", "src\OrderFlow.Application\OrderFlow.Application.csproj", "{B538DF51-2BE9-41CC-BF22-522A3C50FC6D}"
EndProject
Project("{FAE04EC0-301F-11D3-BF4B-00C04F79EFBC}") = "OrderFlow.Domain", "src\OrderFlow.Domain\OrderFlow.Domain.csproj", "{EAF602CD-7496-4EDB-9313-0C7B8CAFEAFF}"
EndProject
Project("{FAE04EC0-301F-11D3-BF4B-00C04F79EFBC}") = "OrderFlow.Infrastructure", "src\OrderFlow.Infrastructure\OrderFlow.Infrastructure.csproj", "{43C0760F-F7B9-460D-83A3-6987793A15DF}"
EndProject
Project("{2150E333-8FDC-42A3-9474-1A3956D46DE8}") = "tests", "tests", "{0AB3BF05-4346-4AA6-1389-037BE0695223}"
EndProject
Project("{FAE04EC0-301F-11D3-BF4B-00C04F79EFBC}") = "OrderFlow.UnitTests", "tests\OrderFlow.UnitTests\OrderFlow.UnitTests.csproj", "{890FEE66-86E7-460A-ADCF-F3648ECEF66A}"
EndProject
Project("{FAE04EC0-301F-11D3-BF4B-00C04F79EFBC}") = "OrderFlow.IntegrationTests", "tests\OrderFlow.IntegrationTests\OrderFlow.IntegrationTests.csproj", "{E7024BF4-9F0F-4E97-8508-A0581291CAEF}"
EndProject
Global
	GlobalSection(SolutionConfigurationPlatforms) = preSolution
		Debug|Any CPU = Debug|Any CPU
		Debug|x64 = Debug|x64
		Debug|x86 = Debug|x86
		Release|Any CPU = Release|Any CPU
		Release|x64 = Release|x64
		Release|x86 = Release|x86
	EndGlobalSection
	GlobalSection(ProjectConfigurationPlatforms) = postSolution
		{2B59ED03-9400-44C3-BCF5-A5E5AB8CDD3D}.Debug|Any CPU.ActiveCfg = Debug|Any CPU
		{2B59ED03-9400-44C3-BCF5-A5E5AB8CDD3D}.Debug|Any CPU.Build.0 = Debug|Any CPU
		{2B59ED03-9400-44C3-BCF5-A5E5AB8CDD3D}.Debug|x64.ActiveCfg = Debug|Any CPU
		{2B59ED03-9400-44C3-BCF5-A5E5AB8CDD3D}.Debug|x64.Build.0 = Debug|Any CPU
		{2B59ED03-9400-44C3-BCF5-A5E5AB8CDD3D}.Debug|x86.ActiveCfg = Debug|Any CPU
		{2B59ED03-9400-44C3-BCF5-A5E5AB8CDD3D}.Debug|x86.Build.0 = Debug|Any CPU
		{2B59ED03-9400-44C3-BCF5-A5E5AB8CDD3D}.Release|Any CPU.ActiveCfg = Release|Any CPU
		{2B59ED03-9400-44C3-BCF5-A5E5AB8CDD3D}.Release|Any CPU.Build.0 = Release|Any CPU
		{2B59ED03-9400-44C3-BCF5-A5E5AB8CDD3D}.Release|x64.ActiveCfg = Release|Any CPU
		{2B59ED03-9400-44C3-BCF5-A5E5AB8CDD3D}.Release|x64.Build.0 = Release|Any CPU
		{2B59ED03-9400-44C3-BCF5-A5E5AB8CDD3D}.Release|x86.ActiveCfg = Release|Any CPU
		{2B59ED03-9400-44C3-BCF5-A5E5AB8CDD3D}.Release|x86.Build.0 = Release|Any CPU
		{AB15F17E-D97E-497D-8E9F-5AF85F7529A1}.Debug|Any CPU.ActiveCfg = Debug|Any CPU
		{AB15F17E-D97E-497D-8E9F-5AF85F7529A1}.Debug|Any CPU.Build.0 = Debug|Any CPU
		{AB15F17E-D97E-497D-8E9F-5AF85F7529A1}.Debug|x64.ActiveCfg = Debug|Any CPU
		{AB15F17E-D97E-497D-8E9F-5AF85F7529A1}.Debug|x64.Build.0 = Debug|Any CPU
		{AB15F17E-D97E-497D-8E9F-5AF85F7529A1}.Debug|x86.ActiveCfg = Debug|Any CPU
		{AB15F17E-D97E-497D-8E9F-5AF85F7529A1}.Debug|x86.Build.0 = Debug|Any CPU
		{AB15F17E-D97E-497D-8E9F-5AF85F7529A1}.Release|Any CPU.ActiveCfg = Release|Any CPU
		{AB15F17E-D97E-497D-8E9F-5AF85F7529A1}.Release|Any CPU.Build.0 = Release|Any CPU
		{AB15F17E-D97E-497D-8E9F-5AF85F7529A1}.Release|x64.ActiveCfg = Release|Any CPU
		{AB15F17E-D97E-497D-8E9F-5AF85F7529A1}.Release|x64.Build.0 = Release|Any CPU
		{AB15F17E-D97E-497D-8E9F-5AF85F7529A1}.Release|x86.ActiveCfg = Release|Any CPU
		{AB15F17E-D97E-497D-8E9F-5AF85F7529A1}.Release|x86.Build.0 = Release|Any CPU
		{B538DF51-2BE9-41CC-BF22-522A3C50FC6D}.Debug|Any CPU.ActiveCfg = Debug|Any CPU
		{B538DF51-2BE9-41CC-BF22-522A3C50FC6D}.Debug|Any CPU.Build.0 = Debug|Any CPU
		{B538DF51-2BE9-41CC-BF22-522A3C50FC6D}.Debug|x64.ActiveCfg = Debug|Any CPU
		{B538DF51-2BE9-41CC-BF22-522A3C50FC6D}.Debug|x64.Build.0 = Debug|Any CPU
		{B538DF51-2BE9-41CC-BF22-522A3C50FC6D}.Debug|x86.ActiveCfg = Debug|Any CPU
		{B538DF51-2BE9-41CC-BF22-522A3C50FC6D}.Debug|x86.Build.0 = Debug|Any CPU
		{B538DF51-2BE9-41CC-BF22-522A3C50FC6D}.Release|Any CPU.ActiveCfg = Release|Any CPU
		{B538DF51-2BE9-41CC-BF22-522A3C50FC6D}.Release|Any CPU.Build.0 = Release|Any CPU
		{B538DF51-2BE9-41CC-BF22-522A3C50FC6D}.Release|x64.ActiveCfg = Release|Any CPU
		{B538DF51-2BE9-41CC-BF22-522A3C50FC6D}.Release|x64.Build.0 = Release|Any CPU
		{B538DF51-2BE9-41CC-BF22-522A3C50FC6D}.Release|x86.ActiveCfg = Release|Any CPU
		{B538DF51-2BE9-41CC-BF22-522A3C50FC6D}.Release|x86.Build.0 = Release|Any CPU
		{EAF602CD-7496-4EDB-9313-0C7B8CAFEAFF}.Debug|Any CPU.ActiveCfg = Debug|Any CPU
		{EAF602CD-7496-4EDB-9313-0C7B8CAFEAFF}.Debug|Any CPU.Build.0 = Debug|Any CPU
		{EAF602CD-7496-4EDB-9313-0C7B8CAFEAFF}.Debug|x64.ActiveCfg = Debug|Any CPU
		{EAF602CD-7496-4EDB-9313-0C7B8CAFEAFF}.Debug|x64.Build.0 = Debug|Any CPU
		{EAF602CD-7496-4EDB-9313-0C7B8CAFEAFF}.Debug|x86.ActiveCfg = Debug|Any CPU
		{EAF602CD-7496-4EDB-9313-0C7B8CAFEAFF}.Debug|x86.Build.0 = Debug|Any CPU
		{EAF602CD-7496-4EDB-9313-0C7B8CAFEAFF}.Release|Any CPU.ActiveCfg = Release|Any CPU
		{EAF602CD-7496-4EDB-9313-0C7B8CAFEAFF}.Release|Any CPU.Build.0 = Release|Any CPU
		{EAF602CD-7496-4EDB-9313-0C7B8CAFEAFF}.Release|x64.ActiveCfg = Release|Any CPU
		{EAF602CD-7496-4EDB-9313-0C7B8CAFEAFF}.Release|x64.Build.0 = Release|Any CPU
		{EAF602CD-7496-4EDB-9313-0C7B8CAFEAFF}.Release|x86.ActiveCfg = Release|Any CPU
		{EAF602CD-7496-4EDB-9313-0C7B8CAFEAFF}.Release|x86.Build.0 = Release|Any CPU
		{43C0760F-F7B9-460D-83A3-6987793A15DF}.Debug|Any CPU.ActiveCfg = Debug|Any CPU
		{43C0760F-F7B9-460D-83A3-6987793A15DF}.Debug|Any CPU.Build.0 = Debug|Any CPU
		{43C0760F-F7B9-460D-83A3-6987793A15DF}.Debug|x64.ActiveCfg = Debug|Any CPU
		{43C0760F-F7B9-460D-83A3-6987793A15DF}.Debug|x64.Build.0 = Debug|Any CPU
		{43C0760F-F7B9-460D-83A3-6987793A15DF}.Debug|x86.ActiveCfg = Debug|Any CPU
		{43C0760F-F7B9-460D-83A3-6987793A15DF}.Debug|x86.Build.0 = Debug|Any CPU
		{43C0760F-F7B9-460D-83A3-6987793A15DF}.Release|Any CPU.ActiveCfg = Release|Any CPU
		{43C0760F-F7B9-460D-83A3-6987793A15DF}.Release|Any CPU.Build.0 = Release|Any CPU
		{43C0760F-F7B9-460D-83A3-6987793A15DF}.Release|x64.ActiveCfg = Release|Any CPU
		{43C0760F-F7B9-460D-83A3-6987793A15DF}.Release|x64.Build.0 = Release|Any CPU
		{43C0760F-F7B9-460D-83A3-6987793A15DF}.Release|x86.ActiveCfg = Release|Any CPU
		{43C0760F-F7B9-460D-83A3-6987793A15DF}.Release|x86.Build.0 = Release|Any CPU
		{890FEE66-86E7-460A-ADCF-F3648ECEF66A}.Debug|Any CPU.ActiveCfg = Debug|Any CPU
		{890FEE66-86E7-460A-ADCF-F3648ECEF66A}.Debug|Any CPU.Build.0 = Debug|Any CPU
		{890FEE66-86E7-460A-ADCF-F3648ECEF66A}.Debug|x64.ActiveCfg = Debug|Any CPU
		{890FEE66-86E7-460A-ADCF-F3648ECEF66A}.Debug|x64.Build.0 = Debug|Any CPU
		{890FEE66-86E7-460A-ADCF-F3648ECEF66A}.Debug|x86.ActiveCfg = Debug|Any CPU
		{890FEE66-86E7-460A-ADCF-F3648ECEF66A}.Debug|x86.Build.0 = Debug|Any CPU
		{890FEE66-86E7-460A-ADCF-F3648ECEF66A}.Release|Any CPU.ActiveCfg = Release|Any CPU
		{890FEE66-86E7-460A-ADCF-F3648ECEF66A}.Release|Any CPU.Build.0 = Release|Any CPU
		{890FEE66-86E7-460A-ADCF-F3648ECEF66A}.Release|x64.ActiveCfg = Release|Any CPU
		{890FEE66-86E7-460A-ADCF-F3648ECEF66A}.Release|x64.Build.0 = Release|Any CPU
		{890FEE66-86E7-460A-ADCF-F3648ECEF66A}.Release|x86.ActiveCfg = Release|Any CPU
		{890FEE66-86E7-460A-ADCF-F3648ECEF66A}.Release|x86.Build.0 = Release|Any CPU
		{E7024BF4-9F0F-4E97-8508-A0581291CAEF}.Debug|Any CPU.ActiveCfg = Debug|Any CPU
		{E7024BF4-9F0F-4E97-8508-A0581291CAEF}.Debug|Any CPU.Build.0 = Debug|Any CPU
		{E7024BF4-9F0F-4E97-8508-A0581291CAEF}.Debug|x64.ActiveCfg = Debug|Any CPU
		{E7024BF4-9F0F-4E97-8508-A0581291CAEF}.Debug|x64.Build.0 = Debug|Any CPU
		{E7024BF4-9F0F-4E97-8508-A0581291CAEF}.Debug|x86.ActiveCfg = Debug|Any CPU
		{E7024BF4-9F0F-4E97-8508-A0581291CAEF}.Debug|x86.Build.0 = Debug|Any CPU
		{E7024BF4-9F0F-4E97-8508-A0581291CAEF}.Release|Any CPU.ActiveCfg = Release|Any CPU
		{E7024BF4-9F0F-4E97-8508-A0581291CAEF}.Release|Any CPU.Build.0 = Release|Any CPU
		{E7024BF4-9F0F-4E97-8508-A0581291CAEF}.Release|x64.ActiveCfg = Release|Any CPU
		{E7024BF4-9F0F-4E97-8508-A0581291CAEF}.Release|x64.Build.0 = Release|Any CPU
		{E7024BF4-9F0F-4E97-8508-A0581291CAEF}.Release|x86.ActiveCfg = Release|Any CPU
		{E7024BF4-9F0F-4E97-8508-A0581291CAEF}.Release|x86.Build.0 = Release|Any CPU
	EndGlobalSection
	GlobalSection(SolutionProperties) = preSolution
		HideSolutionNode = FALSE
	EndGlobalSection
	GlobalSection(NestedProjects) = preSolution
		{2B59ED03-9400-44C3-BCF5-A5E5AB8CDD3D} = {827E0CD3-B72D-47B6-A68D-7590B98EB39B}
		{AB15F17E-D97E-497D-8E9F-5AF85F7529A1} = {827E0CD3-B72D-47B6-A68D-7590B98EB39B}
		{B538DF51-2BE9-41CC-BF22-522A3C50FC6D} = {827E0CD3-B72D-47B6-A68D-7590B98EB39B}
		{EAF602CD-7496-4EDB-9313-0C7B8CAFEAFF} = {827E0CD3-B72D-47B6-A68D-7590B98EB39B}
		{43C0760F-F7B9-460D-83A3-6987793A15DF} = {827E0CD3-B72D-47B6-A68D-7590B98EB39B}
		{890FEE66-86E7-460A-ADCF-F3648ECEF66A} = {0AB3BF05-4346-4AA6-1389-037BE0695223}
		{E7024BF4-9F0F-4E97-8508-A0581291CAEF} = {0AB3BF05-4346-4AA6-1389-037BE0695223}
	EndGlobalSection
EndGlobal
